base_image: rocker/r-ver:4.6.1
base_digest: sha256:a5df0ae591422cc1733e97da03a9f4eff4cf172e40895225959aa93bb7ff7517
r_version: 4.6.1
cmdstan: 2.39.0
repos: https://p3m.dev/cran/__linux__/noble/2026-09-10
packages: 138
  abind: 1.4-8
  backports: 1.5.1
  base: 4.6.1
  base64enc: 0.1-6
  bayesplot: 1.16.0
  bayestestR: 0.19.0
  BH: 1.90.0-1
  boot: 1.3-32
  bridgesampling: 1.2-1
  brms: 2.23.0
  Brobdingnag: 1.2-9
  bslib: 0.12.0
  cachem: 1.1.0
  callr: 3.8.0
  checkmate: 2.3.4
  chk: 0.11.0
  class: 7.3-23
  cli: 3.6.6
  cluster: 2.1.8.2
  cmdstanr: 0.9.0
  coda: 0.19-4.1
  codetools: 0.2-20
  compiler: 4.6.1
  cpp11: 0.5.5
  data.table: 1.18.6.1
  datasets: 4.6.1
  datawizard: 1.3.1
  desc: 1.4.3
  digest: 0.6.39
  distributional: 0.9.0
  docopt: 0.7.2
  dplyr: 1.2.1
  evaluate: 1.0.5
  extraDistr: 1.10.0.5
  farver: 2.1.2
  fastmap: 1.2.0
  fontawesome: 0.5.3
  foreign: 0.8-91
  formula.tools: 1.7.1
  fs: 2.1.0
  future: 1.75.0
  future.apply: 1.20.2
  generics: 0.1.4
  ggdist: 3.3.3
  ggplot2: 4.0.3
  ggridges: 0.5.7
  globals: 0.19.1
  glue: 1.8.1
  graphics: 4.6.1
  grDevices: 4.6.1
  grid: 4.6.1
  gridExtra: 2.3.1
  gtable: 0.3.6
  highr: 0.12
  htmltools: 0.5.9
  inline: 0.3.21
  insight: 1.5.4
  isoband: 0.3.0
  jquerylib: 0.1.4
  jsonlite: 2.0.0
  KernSmooth: 2.23-26
  knitr: 1.52
  labeling: 0.4.3
  lattice: 0.22-9
  lifecycle: 1.0.5
  listenv: 1.0.0
  littler: 0.3.23
  loo: 2.10.1
  magrittr: 2.0.5
  MASS: 7.3-65
  Matrix: 1.7-5
  matrixStats: 1.5.0
  memoise: 2.0.1
  methods: 4.6.1
  mgcv: 1.9-4
  mime: 0.13
  modelbased: 0.17.0
  mvtnorm: 1.4-2
  nleqslv: 3.3.7
  nlme: 3.1-169
  nnet: 7.3-20
  numDeriv: 2016.8-1.1
  operator.tools: 1.6.3.1
  otel: 0.2.0
  parallel: 4.6.1
  parallelly: 1.48.0
  parameters: 0.29.3
  pillar: 1.11.1
  pkgbuild: 1.4.8
  pkgconfig: 2.0.3
  plyr: 1.8.9
  posterior: 1.7.0
  processx: 3.9.0
  ps: 1.9.3
  purrr: 1.2.2
  quadprog: 1.5-8
  QuickJSR: 1.11.0
  R.methodsS3: 1.8.2
  R.oo: 1.27.1
  R.utils: 2.13.0
  R6: 2.6.1
  rappdirs: 0.3.4
  RColorBrewer: 1.1-3
  Rcpp: 1.1.2
  RcppArmadillo: 15.6.0-1
  RcppEigen: 0.3.4.0.2
  RcppParallel: 6.2.1
  reshape2: 1.4.5
  rlang: 1.3.0
  rmarkdown: 2.32
  rpart: 4.1.27
  rstan: 2.32.7
  rstantools: 2.7.1
  S7: 0.2.2
  sass: 0.4.10
  scales: 1.4.0
  spatial: 7.3-18
  splines: 4.6.1
  StanHeaders: 2.39.1
  stats: 4.6.1
  stats4: 4.6.1
  stringi: 1.8.9
  stringr: 1.6.0
  survival: 3.8-6
  tcltk: 4.6.1
  tensorA: 0.36.2.1
  tibble: 3.3.1
  tidyr: 1.3.2
  tidyselect: 1.2.1
  tinytex: 0.60
  tools: 4.6.1
  utf8: 1.2.6
  utils: 4.6.1
  vctrs: 0.7.3
  viridisLite: 0.4.3
  withr: 3.0.3
  xfun: 0.60
  yaml: 2.3.12
sif_sha256: 1202e1dd7eed40cc84e51c44ad182cadbb917b5ec29e60f51dc72fdf3042695e
